
Microsoft Visual Studio Solution File, Format Version 12.00
# Visual Studio Version 16
VisualStudioVersion = 16.0.30611.23
MinimumVisualStudioVersion = 10.0.40219.1
Project("{FAE04EC0-301F-11D3-BF4B-00C04F79EFBC}") = "sssnake", "sssnake\sssnake.csproj", "{56D42829-CC83-4566-B3F4-CA2E160773AD}"
EndProject
Global
	GlobalSection(SolutionConfigurationPlatforms) = preSolution
		Debug|Any CPU = Debug|Any CPU
		Release|Any CPU = Release|Any CPU
	EndGlobalSection
	GlobalSection(ProjectConfigurationPlatforms) = postSolution
		{56D42829-CC83-4566-B3F4-CA2E160773AD}.Debug|Any CPU.ActiveCfg = Debug|Any CPU
		{56D42829-CC83-4566-B3F4-CA2E160773AD}.Debug|Any CPU.Build.0 = Debug|Any CPU
		{56D42829-CC83-4566-B3F4-CA2E160773AD}.Release|Any CPU.ActiveCfg = Release|Any CPU
		{56D42829-CC83-4566-B3F4-CA2E160773AD}.Release|Any CPU.Build.0 = Release|Any CPU
	EndGlobalSection
	GlobalSection(SolutionProperties) = preSolution
		HideSolutionNode = FALSE
	EndGlobalSection
	GlobalSection(ExtensibilityGlobals) = postSolution
		SolutionGuid = {2AA27E5E-977E-4AC1-A434-C3B8DFDA9BE9}
	EndGlobalSection
EndGlobal
